
Microsoft Visual Studio Solution File, Format Version 12.00
# Visual Studio Version 17
VisualStudioVersion = 17.3.32929.385
MinimumVisualStudioVersion = 10.0.40219.1
Project("{FAE04EC0-301F-11D3-BF4B-00C04F79EFBC}") = "AoCDay3", "AoCDay3.csproj", "{C444A870-D0FF-4DCF-8BBF-6CA0E0658834}"
EndProject
Global
	GlobalSection(SolutionConfigurationPlatforms) = preSolution
		Debug|Any CPU = Debug|Any CPU
		Release|Any CPU = Release|Any CPU
	EndGlobalSection
	GlobalSection(ProjectConfigurationPlatforms) = postSolution
		{C444A870-D0FF-4DCF-8BBF-6CA0E0658834}.Debug|Any CPU.ActiveCfg = Debug|Any CPU
		{C444A870-D0FF-4DCF-8BBF-6CA0E0658834}.Debug|Any CPU.Build.0 = Debug|Any CPU
		{C444A870-D0FF-4DCF-8BBF-6CA0E0658834}.Release|Any CPU.ActiveCfg = Release|Any CPU
		{C444A870-D0FF-4DCF-8BBF-6CA0E0658834}.Release|Any CPU.Build.0 = Release|Any CPU
	EndGlobalSection
	GlobalSection(SolutionProperties) = preSolution
		HideSolutionNode = FALSE
	EndGlobalSection
	GlobalSection(ExtensibilityGlobals) = postSolution
		SolutionGuid = {DDA7A4D2-967E-4990-8831-2061430C0ABB}
	EndGlobalSection
EndGlobal
